
Microsoft Visual Studio Solution File, Format Version 12.00
# Visual Studio Version 17
VisualStudioVersion = 17.14.36109.1
MinimumVisualStudioVersion = 10.0.40219.1
Project("{FAE04EC0-301F-11D3-BF4B-00C04F79EFBC}") = "Domain", "Domain\Domain.csproj", "{2E208A44-C902-4488-B2AD-F564E4C9C5B2}"
EndProject
Project("{FAE04EC0-301F-11D3-BF4B-00C04F79EFBC}") = "Infrastructure", "Infrastructure\Infrastructure.csproj", "{7ADBFA35-3D06-42DA-9424-F4B1ADE11342}"
EndProject
Project("{FAE04EC0-301F-11D3-BF4B-00C04F79EFBC}") = "Application", "Application\Application.csproj", "{58077B57-D6D6-408C-95A6-7DE98805302B}"
EndProject
Project("{FAE04EC0-301F-11D3-BF4B-00C04F79EFBC}") = "Presentation", "Presentation\Presentation.csproj", "{C3856F97-3832-4430-AF25-54006FA8CCBC}"
EndProject
Global
	GlobalSection(SolutionConfigurationPlatforms) = preSolution
		Debug|Any CPU = Debug|Any CPU
		Release|Any CPU = Release|Any CPU
	EndGlobalSection
	GlobalSection(ProjectConfigurationPlatforms) = postSolution
		{2E208A44-C902-4488-B2AD-F564E4C9C5B2}.Debug|Any CPU.ActiveCfg = Debug|Any CPU
		{2E208A44-C902-4488-B2AD-F564E4C9C5B2}.Debug|Any CPU.Build.0 = Debug|Any CPU
		{2E208A44-C902-4488-B2AD-F564E4C9C5B2}.Release|Any CPU.ActiveCfg = Release|Any CPU
		{2E208A44-C902-4488-B2AD-F564E4C9C5B2}.Release|Any CPU.Build.0 = Release|Any CPU
		{7ADBFA35-3D06-42DA-9424-F4B1ADE11342}.Debug|Any CPU.ActiveCfg = Debug|Any CPU
		{7ADBFA35-3D06-42DA-9424-F4B1ADE11342}.Debug|Any CPU.Build.0 = Debug|Any CPU
		{7ADBFA35-3D06-42DA-9424-F4B1ADE11342}.Release|Any CPU.ActiveCfg = Release|Any CPU
		{7ADBFA35-3D06-42DA-9424-F4B1ADE11342}.Release|Any CPU.Build.0 = Release|Any CPU
		{58077B57-D6D6-408C-95A6-7DE98805302B}.Debug|Any CPU.ActiveCfg = Debug|Any CPU
		{58077B57-D6D6-408C-95A6-7DE98805302B}.Debug|Any CPU.Build.0 = Debug|Any CPU
		{58077B57-D6D6-408C-95A6-7DE98805302B}.Release|Any CPU.ActiveCfg = Release|Any CPU
		{58077B57-D6D6-408C-95A6-7DE98805302B}.Release|Any CPU.Build.0 = Release|Any CPU
		{C3856F97-3832-4430-AF25-54006FA8CCBC}.Debug|Any CPU.ActiveCfg = Debug|Any CPU
		{C3856F97-3832-4430-AF25-54006FA8CCBC}.Debug|Any CPU.Build.0 = Debug|Any CPU
		{C3856F97-3832-4430-AF25-54006FA8CCBC}.Release|Any CPU.ActiveCfg = Release|Any CPU
		{C3856F97-3832-4430-AF25-54006FA8CCBC}.Release|Any CPU.Build.0 = Release|Any CPU
	EndGlobalSection
	GlobalSection(SolutionProperties) = preSolution
		HideSolutionNode = FALSE
	EndGlobalSection
	GlobalSection(ExtensibilityGlobals) = postSolution
		SolutionGuid = {18A356E7-39FB-4373-A114-49AE767A9121}
	EndGlobalSection
EndGlobal
