
Microsoft Visual Studio Solution File, Format Version 12.00
# Visual Studio Version 17
VisualStudioVersion = 17.14.36121.58
MinimumVisualStudioVersion = 10.0.40219.1
Project("{FAE04EC0-301F-11D3-BF4B-00C04F79EFBC}") = "Presentation", "Presentation\Presentation.csproj", "{48891369-2D75-4917-A51A-38307DDE9B61}"
EndProject
Project("{FAE04EC0-301F-11D3-BF4B-00C04F79EFBC}") = "Application", "Application\Application.csproj", "{990CC5C6-B5D9-4C16-AB08-4A65A3047B0C}"
EndProject
Global
	GlobalSection(SolutionConfigurationPlatforms) = preSolution
		Debug|Any CPU = Debug|Any CPU
		Release|Any CPU = Release|Any CPU
	EndGlobalSection
	GlobalSection(ProjectConfigurationPlatforms) = postSolution
		{48891369-2D75-4917-A51A-38307DDE9B61}.Debug|Any CPU.ActiveCfg = Debug|Any CPU
		{48891369-2D75-4917-A51A-38307DDE9B61}.Debug|Any CPU.Build.0 = Debug|Any CPU
		{48891369-2D75-4917-A51A-38307DDE9B61}.Release|Any CPU.ActiveCfg = Release|Any CPU
		{48891369-2D75-4917-A51A-38307DDE9B61}.Release|Any CPU.Build.0 = Release|Any CPU
		{990CC5C6-B5D9-4C16-AB08-4A65A3047B0C}.Debug|Any CPU.ActiveCfg = Debug|Any CPU
		{990CC5C6-B5D9-4C16-AB08-4A65A3047B0C}.Debug|Any CPU.Build.0 = Debug|Any CPU
		{990CC5C6-B5D9-4C16-AB08-4A65A3047B0C}.Release|Any CPU.ActiveCfg = Release|Any CPU
		{990CC5C6-B5D9-4C16-AB08-4A65A3047B0C}.Release|Any CPU.Build.0 = Release|Any CPU
	EndGlobalSection
	GlobalSection(SolutionProperties) = preSolution
		HideSolutionNode = FALSE
	EndGlobalSection
	GlobalSection(ExtensibilityGlobals) = postSolution
		SolutionGuid = {16A0628C-6E71-449C-B7AD-746457798539}
	EndGlobalSection
EndGlobal
