
Microsoft Visual Studio Solution File, Format Version 12.00
# Visual Studio Version 17
VisualStudioVersion = 17.13.35913.81 d17.13
MinimumVisualStudioVersion = 10.0.40219.1
Project("{FAE04EC0-301F-11D3-BF4B-00C04F79EFBC}") = "Domain", "Domain\Domain.csproj", "{00EC7D94-6DA6-44CB-B19C-DE4CD0A15C1B}"
EndProject
Project("{FAE04EC0-301F-11D3-BF4B-00C04F79EFBC}") = "Infrastructure", "Infrastructure\Infrastructure.csproj", "{1D5A6CC9-86FA-4817-B177-E01DC2731AF9}"
EndProject
Project("{FAE04EC0-301F-11D3-BF4B-00C04F79EFBC}") = "Service", "Service\Service.csproj", "{8E48D435-41FF-42B7-85CF-C561DF6ABE78}"
EndProject
Project("{FAE04EC0-301F-11D3-BF4B-00C04F79EFBC}") = "Web", "Web\Web.csproj", "{1EF2EA0A-4955-4C32-B446-69BAEEA5F878}"
EndProject
Global
	GlobalSection(SolutionConfigurationPlatforms) = preSolution
		Debug|Any CPU = Debug|Any CPU
		Release|Any CPU = Release|Any CPU
	EndGlobalSection
	GlobalSection(ProjectConfigurationPlatforms) = postSolution
		{00EC7D94-6DA6-44CB-B19C-DE4CD0A15C1B}.Debug|Any CPU.ActiveCfg = Debug|Any CPU
		{00EC7D94-6DA6-44CB-B19C-DE4CD0A15C1B}.Debug|Any CPU.Build.0 = Debug|Any CPU
		{00EC7D94-6DA6-44CB-B19C-DE4CD0A15C1B}.Release|Any CPU.ActiveCfg = Release|Any CPU
		{00EC7D94-6DA6-44CB-B19C-DE4CD0A15C1B}.Release|Any CPU.Build.0 = Release|Any CPU
		{1D5A6CC9-86FA-4817-B177-E01DC2731AF9}.Debug|Any CPU.ActiveCfg = Debug|Any CPU
		{1D5A6CC9-86FA-4817-B177-E01DC2731AF9}.Debug|Any CPU.Build.0 = Debug|Any CPU
		{1D5A6CC9-86FA-4817-B177-E01DC2731AF9}.Release|Any CPU.ActiveCfg = Release|Any CPU
		{1D5A6CC9-86FA-4817-B177-E01DC2731AF9}.Release|Any CPU.Build.0 = Release|Any CPU
		{8E48D435-41FF-42B7-85CF-C561DF6ABE78}.Debug|Any CPU.ActiveCfg = Debug|Any CPU
		{8E48D435-41FF-42B7-85CF-C561DF6ABE78}.Debug|Any CPU.Build.0 = Debug|Any CPU
		{8E48D435-41FF-42B7-85CF-C561DF6ABE78}.Release|Any CPU.ActiveCfg = Release|Any CPU
		{8E48D435-41FF-42B7-85CF-C561DF6ABE78}.Release|Any CPU.Build.0 = Release|Any CPU
		{1EF2EA0A-4955-4C32-B446-69BAEEA5F878}.Debug|Any CPU.ActiveCfg = Debug|Any CPU
		{1EF2EA0A-4955-4C32-B446-69BAEEA5F878}.Debug|Any CPU.Build.0 = Debug|Any CPU
		{1EF2EA0A-4955-4C32-B446-69BAEEA5F878}.Release|Any CPU.ActiveCfg = Release|Any CPU
		{1EF2EA0A-4955-4C32-B446-69BAEEA5F878}.Release|Any CPU.Build.0 = Release|Any CPU
	EndGlobalSection
	GlobalSection(SolutionProperties) = preSolution
		HideSolutionNode = FALSE
	EndGlobalSection
	GlobalSection(ExtensibilityGlobals) = postSolution
		SolutionGuid = {2714E813-9D05-4460-A9C8-DD9F4D51D1E9}
	EndGlobalSection
EndGlobal
