
Microsoft Visual Studio Solution File, Format Version 12.00
# Visual Studio Version 17
VisualStudioVersion = 17.13.35913.81 d17.13
MinimumVisualStudioVersion = 10.0.40219.1
Project("{FAE04EC0-301F-11D3-BF4B-00C04F79EFBC}") = "Media", "Media.csproj", "{4D2CF73E-F2DF-4E5A-80C0-CB45F08A45C1}"
EndProject
Project("{FAE04EC0-301F-11D3-BF4B-00C04F79EFBC}") = "Infrastructure", "..\Infrastructure\Infrastructure.csproj", "{39E0E72C-7766-4206-990C-0B4F44AF4C8D}"
EndProject
Project("{FAE04EC0-301F-11D3-BF4B-00C04F79EFBC}") = "Domain", "..\Domain\Domain.csproj", "{A6B40860-8F34-49DF-9143-CFBE9E51FEB5}"
EndProject
Project("{FAE04EC0-301F-11D3-BF4B-00C04F79EFBC}") = "Tests", "..\Tests\Tests.csproj", "{00E9555B-EF2E-4026-8A3E-7D1115B60268}"
EndProject
Project("{FAE04EC0-301F-11D3-BF4B-00C04F79EFBC}") = "Application", "..\Application\Application.csproj", "{8DD89B27-1DD7-4245-B492-2B58BD856D01}"
EndProject
Global
	GlobalSection(SolutionConfigurationPlatforms) = preSolution
		Debug|Any CPU = Debug|Any CPU
		Release|Any CPU = Release|Any CPU
	EndGlobalSection
	GlobalSection(ProjectConfigurationPlatforms) = postSolution
		{4D2CF73E-F2DF-4E5A-80C0-CB45F08A45C1}.Debug|Any CPU.ActiveCfg = Debug|Any CPU
		{4D2CF73E-F2DF-4E5A-80C0-CB45F08A45C1}.Debug|Any CPU.Build.0 = Debug|Any CPU
		{4D2CF73E-F2DF-4E5A-80C0-CB45F08A45C1}.Release|Any CPU.ActiveCfg = Release|Any CPU
		{4D2CF73E-F2DF-4E5A-80C0-CB45F08A45C1}.Release|Any CPU.Build.0 = Release|Any CPU
		{39E0E72C-7766-4206-990C-0B4F44AF4C8D}.Debug|Any CPU.ActiveCfg = Debug|Any CPU
		{39E0E72C-7766-4206-990C-0B4F44AF4C8D}.Debug|Any CPU.Build.0 = Debug|Any CPU
		{39E0E72C-7766-4206-990C-0B4F44AF4C8D}.Release|Any CPU.ActiveCfg = Release|Any CPU
		{39E0E72C-7766-4206-990C-0B4F44AF4C8D}.Release|Any CPU.Build.0 = Release|Any CPU
		{A6B40860-8F34-49DF-9143-CFBE9E51FEB5}.Debug|Any CPU.ActiveCfg = Debug|Any CPU
		{A6B40860-8F34-49DF-9143-CFBE9E51FEB5}.Debug|Any CPU.Build.0 = Debug|Any CPU
		{A6B40860-8F34-49DF-9143-CFBE9E51FEB5}.Release|Any CPU.ActiveCfg = Release|Any CPU
		{A6B40860-8F34-49DF-9143-CFBE9E51FEB5}.Release|Any CPU.Build.0 = Release|Any CPU
		{00E9555B-EF2E-4026-8A3E-7D1115B60268}.Debug|Any CPU.ActiveCfg = Debug|Any CPU
		{00E9555B-EF2E-4026-8A3E-7D1115B60268}.Debug|Any CPU.Build.0 = Debug|Any CPU
		{00E9555B-EF2E-4026-8A3E-7D1115B60268}.Release|Any CPU.ActiveCfg = Release|Any CPU
		{00E9555B-EF2E-4026-8A3E-7D1115B60268}.Release|Any CPU.Build.0 = Release|Any CPU
		{8DD89B27-1DD7-4245-B492-2B58BD856D01}.Debug|Any CPU.ActiveCfg = Debug|Any CPU
		{8DD89B27-1DD7-4245-B492-2B58BD856D01}.Debug|Any CPU.Build.0 = Debug|Any CPU
		{8DD89B27-1DD7-4245-B492-2B58BD856D01}.Release|Any CPU.ActiveCfg = Release|Any CPU
		{8DD89B27-1DD7-4245-B492-2B58BD856D01}.Release|Any CPU.Build.0 = Release|Any CPU
	EndGlobalSection
	GlobalSection(SolutionProperties) = preSolution
		HideSolutionNode = FALSE
	EndGlobalSection
	GlobalSection(ExtensibilityGlobals) = postSolution
		SolutionGuid = {B797AF1C-3280-461C-A0DB-935030291373}
	EndGlobalSection
EndGlobal
