
Microsoft Visual Studio Solution File, Format Version 12.00
# Visual Studio Version 17
VisualStudioVersion = 17.13.35931.197 d17.13
MinimumVisualStudioVersion = 10.0.40219.1
Project("{FAE04EC0-301F-11D3-BF4B-00C04F79EFBC}") = "GatewayAPI", "GatewayAPI\GatewayAPI.csproj", "{06A71000-98A2-4B3D-A021-9410CF7F576E}"
EndProject
Global
	GlobalSection(SolutionConfigurationPlatforms) = preSolution
		Debug|Any CPU = Debug|Any CPU
		Release|Any CPU = Release|Any CPU
	EndGlobalSection
	GlobalSection(ProjectConfigurationPlatforms) = postSolution
		{06A71000-98A2-4B3D-A021-9410CF7F576E}.Debug|Any CPU.ActiveCfg = Debug|Any CPU
		{06A71000-98A2-4B3D-A021-9410CF7F576E}.Debug|Any CPU.Build.0 = Debug|Any CPU
		{06A71000-98A2-4B3D-A021-9410CF7F576E}.Release|Any CPU.ActiveCfg = Release|Any CPU
		{06A71000-98A2-4B3D-A021-9410CF7F576E}.Release|Any CPU.Build.0 = Release|Any CPU
	EndGlobalSection
	GlobalSection(SolutionProperties) = preSolution
		HideSolutionNode = FALSE
	EndGlobalSection
	GlobalSection(ExtensibilityGlobals) = postSolution
		SolutionGuid = {5AD81940-11D7-4CB0-8534-63E18BB498E3}
	EndGlobalSection
EndGlobal
